{
  "version": 4,
  "terraform_version": "1.5.7",
  "serial": 26,
  "lineage": "f4623793-96a6-0f0a-afbf-bb22fb3cefdf",
  "outputs": {},
  "resources": [
    {
      "mode": "managed",
      "type": "google_compute_network",
      "name": "app-network",
      "provider": "provider[\"registry.terraform.io/hashicorp/google-beta\"]",
      "instances": [
        {
          "schema_version": 0,
          "attributes": {
            "auto_create_subnetworks": false,
            "bgp_always_compare_med": false,
            "bgp_best_path_selection_mode": "LEGACY",
            "bgp_inter_region_cost": "",
            "delete_bgp_always_compare_med": false,
            "delete_default_routes_on_create": false,
            "description": "",
            "enable_ula_internal_ipv6": false,
            "gateway_ipv4": "",
            "id": "projects/gcp-onboarding-project-480819/global/networks/app-network",
            "internal_ipv6_range": "",
            "mtu": 0,
            "name": "app-network",
            "network_firewall_policy_enforcement_order": "AFTER_CLASSIC_FIREWALL",
            "network_id": "2952980032735074727",
            "network_profile": "",
            "numeric_id": "2952980032735074727",
            "params": [],
            "project": "gcp-onboarding-project-480819",
            "routing_mode": "REGIONAL",
            "self_link": "https://www.googleapis.com/compute/v1/projects/gcp-onboarding-project-480819/global/networks/app-network",
            "timeouts": null
          },
          "sensitive_attributes": [],
          "private": "eyJlMmJmYjczMC1lY2FhLTExZTYtOGY4OC0zNDM2M2JjN2M0YzAiOnsiY3JlYXRlIjoxMjAwMDAwMDAwMDAwLCJkZWxldGUiOjEyMDAwMDAwMDAwMDAsInVwZGF0ZSI6MTIwMDAwMDAwMDAwMH19"
        }
      ]
    },
    {
      "mode": "managed",
      "type": "google_compute_network",
      "name": "control-network",
      "provider": "provider[\"registry.terraform.io/hashicorp/google-beta\"]",
      "instances": [
        {
          "schema_version": 0,
          "attributes": {
            "auto_create_subnetworks": false,
            "bgp_always_compare_med": false,
            "bgp_best_path_selection_mode": "LEGACY",
            "bgp_inter_region_cost": "",
            "delete_bgp_always_compare_med": false,
            "delete_default_routes_on_create": false,
            "description": "",
            "enable_ula_internal_ipv6": false,
            "gateway_ipv4": "",
            "id": "projects/gcp-onboarding-project-480819/global/networks/control-network",
            "internal_ipv6_range": "",
            "mtu": 0,
            "name": "control-network",
            "network_firewall_policy_enforcement_order": "AFTER_CLASSIC_FIREWALL",
            "network_id": "2460227772123896231",
            "network_profile": "",
            "numeric_id": "2460227772123896231",
            "params": [],
            "project": "gcp-onboarding-project-480819",
            "routing_mode": "REGIONAL",
            "self_link": "https://www.googleapis.com/compute/v1/projects/gcp-onboarding-project-480819/global/networks/control-network",
            "timeouts": null
          },
          "sensitive_attributes": [],
          "private": "eyJlMmJmYjczMC1lY2FhLTExZTYtOGY4OC0zNDM2M2JjN2M0YzAiOnsiY3JlYXRlIjoxMjAwMDAwMDAwMDAwLCJkZWxldGUiOjEyMDAwMDAwMDAwMDAsInVwZGF0ZSI6MTIwMDAwMDAwMDAwMH19"
        }
      ]
    },
    {
      "mode": "managed",
      "type": "google_compute_subnetwork",
      "name": "app-subnetwork",
      "provider": "provider[\"registry.terraform.io/hashicorp/google-beta\"]",
      "instances": [
        {
          "schema_version": 0,
          "attributes": {
            "allow_subnet_cidr_routes_overlap": false,
            "creation_timestamp": "2025-12-29T21:46:59.671-08:00",
            "description": "",
            "external_ipv6_prefix": "",
            "fingerprint": null,
            "gateway_address": "192.168.0.1",
            "id": "projects/gcp-onboarding-project-480819/regions/us-west1/subnetworks/app-subnetwork-1",
            "internal_ipv6_prefix": "",
            "ip_cidr_range": "192.168.0.0/16",
            "ip_collection": null,
            "ipv6_access_type": "",
            "ipv6_cidr_range": "",
            "ipv6_gce_endpoint": "",
            "log_config": [],
            "name": "app-subnetwork-1",
            "network": "https://www.googleapis.com/compute/v1/projects/gcp-onboarding-project-480819/global/networks/app-network",
            "params": [],
            "private_ip_google_access": true,
            "private_ipv6_google_access": "DISABLE_GOOGLE_ACCESS",
            "project": "gcp-onboarding-project-480819",
            "purpose": "PRIVATE",
            "region": "us-west1",
            "reserved_internal_range": "",
            "resolve_subnet_mask": "",
            "role": "",
            "secondary_ip_range": [
              {
                "ip_cidr_range": "10.0.0.0/16",
                "range_name": "pod-ranges",
                "reserved_internal_range": ""
              }
            ],
            "self_link": "https://www.googleapis.com/compute/v1/projects/gcp-onboarding-project-480819/regions/us-west1/subnetworks/app-subnetwork-1",
            "send_secondary_ip_range_if_empty": null,
            "stack_type": "IPV4_ONLY",
            "state": "",
            "subnetwork_id": 2379612223820454332,
            "timeouts": null
          },
          "sensitive_attributes": [],
          "private": "eyJlMmJmYjczMC1lY2FhLTExZTYtOGY4OC0zNDM2M2JjN2M0YzAiOnsiY3JlYXRlIjoxMjAwMDAwMDAwMDAwLCJkZWxldGUiOjEyMDAwMDAwMDAwMDAsInVwZGF0ZSI6MTIwMDAwMDAwMDAwMH19",
          "dependencies": [
            "google_compute_network.app-network"
          ]
        }
      ]
    },
    {
      "mode": "managed",
      "type": "google_compute_subnetwork",
      "name": "control-subnetwork",
      "provider": "provider[\"registry.terraform.io/hashicorp/google-beta\"]",
      "instances": [
        {
          "schema_version": 0,
          "attributes": {
            "allow_subnet_cidr_routes_overlap": false,
            "creation_timestamp": "2025-12-29T21:46:59.725-08:00",
            "description": "",
            "external_ipv6_prefix": "",
            "fingerprint": null,
            "gateway_address": "172.16.0.1",
            "id": "projects/gcp-onboarding-project-480819/regions/us-west1/subnetworks/control-subnetwork-1",
            "internal_ipv6_prefix": "",
            "ip_cidr_range": "172.16.0.0/16",
            "ip_collection": null,
            "ipv6_access_type": "",
            "ipv6_cidr_range": "",
            "ipv6_gce_endpoint": "",
            "log_config": [],
            "name": "control-subnetwork-1",
            "network": "https://www.googleapis.com/compute/v1/projects/gcp-onboarding-project-480819/global/networks/control-network",
            "params": [],
            "private_ip_google_access": true,
            "private_ipv6_google_access": "DISABLE_GOOGLE_ACCESS",
            "project": "gcp-onboarding-project-480819",
            "purpose": "PRIVATE",
            "region": "us-west1",
            "reserved_internal_range": "",
            "resolve_subnet_mask": "",
            "role": "",
            "secondary_ip_range": [
              {
                "ip_cidr_range": "10.1.0.0/16",
                "range_name": "control-pod-ranges",
                "reserved_internal_range": ""
              }
            ],
            "self_link": "https://www.googleapis.com/compute/v1/projects/gcp-onboarding-project-480819/regions/us-west1/subnetworks/control-subnetwork-1",
            "send_secondary_ip_range_if_empty": null,
            "stack_type": "IPV4_ONLY",
            "state": "",
            "subnetwork_id": 4836937724541721020,
            "timeouts": null
          },
          "sensitive_attributes": [],
          "private": "eyJlMmJmYjczMC1lY2FhLTExZTYtOGY4OC0zNDM2M2JjN2M0YzAiOnsiY3JlYXRlIjoxMjAwMDAwMDAwMDAwLCJkZWxldGUiOjEyMDAwMDAwMDAwMDAsInVwZGF0ZSI6MTIwMDAwMDAwMDAwMH19",
          "dependencies": [
            "google_compute_network.control-network"
          ]
        }
      ]
    },
    {
      "mode": "managed",
      "type": "google_container_cluster",
      "name": "default",
      "provider": "provider[\"registry.terraform.io/hashicorp/google-beta\"]",
      "instances": [
        {
          "schema_version": 2,
          "attributes": {
            "addons_config": [
              {
                "cloudrun_config": [],
                "config_connector_config": [],
                "dns_cache_config": [],
                "gce_persistent_disk_csi_driver_config": [
                  {
                    "enabled": true
                  }
                ],
                "gcp_filestore_csi_driver_config": [],
                "gcs_fuse_csi_driver_config": [],
                "gke_backup_agent_config": [],
                "horizontal_pod_autoscaling": [
                  {
                    "disabled": false
                  }
                ],
                "http_load_balancing": [
                  {
                    "disabled": false
                  }
                ],
                "istio_config": [],
                "kalm_config": [],
                "lustre_csi_driver_config": [],
                "network_policy_config": [
                  {
                    "disabled": true
                  }
                ],
                "parallelstore_csi_driver_config": [],
                "ray_operator_config": [],
                "stateful_ha_config": []
              }
            ],
            "allow_net_admin": null,
            "anonymous_authentication_config": [
              {
                "mode": "ENABLED"
              }
            ],
            "authenticator_groups_config": [],
            "binary_authorization": [
              {
                "enabled": false,
                "evaluation_mode": "DISABLED"
              }
            ],
            "cluster_autoscaling": [
              {
                "auto_provisioning_defaults": [],
                "auto_provisioning_locations": [],
                "autoscaling_profile": "BALANCED",
                "default_compute_class_enabled": false,
                "enabled": false,
                "resource_limits": []
              }
            ],
            "cluster_ipv4_cidr": "10.0.0.0/16",
            "cluster_telemetry": [
              {
                "type": "ENABLED"
              }
            ],
            "confidential_nodes": [],
            "control_plane_endpoints_config": [
              {
                "dns_endpoint_config": [
                  {
                    "allow_external_traffic": true,
                    "enable_k8s_certs_via_dns": false,
                    "enable_k8s_tokens_via_dns": false,
                    "endpoint": "gke-d98b8cf619c84448bf98f2fe216c6ada5523-806686052178.us-west1.gke.goog"
                  }
                ],
                "ip_endpoints_config": [
                  {
                    "enabled": true
                  }
                ]
              }
            ],
            "cost_management_config": [],
            "database_encryption": [
              {
                "key_name": "",
                "state": "DECRYPTED"
              }
            ],
            "datapath_provider": "ADVANCED_DATAPATH",
            "default_max_pods_per_node": 64,
            "default_snat_status": [
              {
                "disabled": false
              }
            ],
            "deletion_protection": false,
            "description": "",
            "disable_l4_lb_firewall_reconciliation": false,
            "dns_config": [
              {
                "additive_vpc_scope_dns_domain": "",
                "cluster_dns": "CLOUD_DNS",
                "cluster_dns_domain": "",
                "cluster_dns_scope": "CLUSTER_SCOPE"
              }
            ],
            "effective_labels": {
              "goog-terraform-provisioned": "true"
            },
            "enable_autopilot": false,
            "enable_cilium_clusterwide_network_policy": false,
            "enable_fqdn_network_policy": false,
            "enable_intranode_visibility": false,
            "enable_k8s_beta_apis": [],
            "enable_kubernetes_alpha": false,
            "enable_l4_ilb_subsetting": false,
            "enable_legacy_abac": false,
            "enable_multi_networking": true,
            "enable_shielded_nodes": true,
            "enable_tpu": false,
            "endpoint": "35.247.50.150",
            "enterprise_config": [
              {
                "cluster_tier": "STANDARD",
                "desired_tier": ""
              }
            ],
            "fleet": [],
            "gateway_api_config": [],
            "gke_auto_upgrade_config": [],
            "id": "projects/gcp-onboarding-project-480819/locations/us-west1/clusters/multi-vpc-cluster",
            "identity_service_config": [],
            "in_transit_encryption_config": "",
            "initial_node_count": 1,
            "ip_allocation_policy": [
              {
                "additional_ip_ranges_config": [],
                "additional_pod_ranges_config": [],
                "auto_ipam_config": [],
                "cluster_ipv4_cidr_block": "10.0.0.0/16",
                "cluster_secondary_range_name": "pod-ranges",
                "network_tier_config": [
                  {
                    "network_tier": "NETWORK_TIER_DEFAULT"
                  }
                ],
                "pod_cidr_overprovision_config": [
                  {
                    "disabled": false
                  }
                ],
                "services_ipv4_cidr_block": "34.118.224.0/20",
                "services_secondary_range_name": "",
                "stack_type": "IPV4"
              }
            ],
            "label_fingerprint": "78cdf2f6",
            "location": "us-west1",
            "logging_config": [
              {
                "enable_components": [
                  "SYSTEM_COMPONENTS",
                  "WORKLOADS"
                ]
              }
            ],
            "logging_service": "logging.googleapis.com/kubernetes",
            "maintenance_policy": [],
            "master_auth": [
              {
                "client_certificate": "",
                "client_certificate_config": [
                  {
                    "issue_client_certificate": false
                  }
                ],
                "client_key": "",
                "cluster_ca_certificate": "LS0tLS1CRUdJTiBDRVJUSUZJQ0FURS0tLS0tCk1JSUVMVENDQXBXZ0F3SUJBZ0lSQUpDeTlsenJHeVV5cHBzZXBXWnhvT2d3RFFZSktvWklodmNOQVFFTEJRQXcKTHpFdE1Dc0dBMVVFQXhNa01XVTBNbUZoWXpndE5ETmxNaTAwWkRBeUxXRXlNR1F0T1RGak1ETXhNRE5qTVRFMApNQ0FYRFRJMU1USXpNREEwTkRjek1Wb1lEekl3TlRVeE1qSXpNRFUwTnpNeFdqQXZNUzB3S3dZRFZRUURFeVF4ClpUUXlZV0ZqT0MwME0yVXlMVFJrTURJdFlUSXdaQzA1TVdNd016RXdNMk14TVRRd2dnR2lNQTBHQ1NxR1NJYjMKRFFFQkFRVUFBNElCandBd2dnR0tBb0lCZ1FDdy9LTkd3a3BtbWgyZ3dQUDlxK0IwY0pqalI1eFhlWU9Dc1IraQpOQVh1OVBxeERHbGJ2K1hjaEd5cFJmNklvaDVxRmRCcHBBbVJHSGRZUHFBYzNXS0xkSnJNcS9keEVPZGF5NERMCjlid0wwaHl2ZlZmcytHWFdUSmYxVUlJYW1rTE9PbDhNblNJUUk0VDFkTStwV09aUVZkUlAwQ3dZd3Q2NGFCaFoKRVpzcGlmVCtBait0RW1ZcUg5d0ErQ3hJcldJTjIvR0J1Q0NUMVUrdzlYUUVUU3FrUUdVbDBNRys5Q085S21ZeApiZ0RiaHIrVmFPTkFSVGZtOEIwNnZFMVlXQi9ZVGE3RjFSa3Q4UFZzSENvS090cGgybTBaaVZsVVFKcEhKNXRBCi81cEtSYkowbm5ZMWU3cU9UbEdJOTRTb0E3b255SUI0bm8zL0I3bXJtL2pUQmZsdWJhS3ptSFo5T0NVSi9VeVYKZkk5aVBBbEZWMlBoUThUL2w0Qkw0cFVUb3U4TTNwOXFIUmZXZm5ic2gyVHJPOW9aaTRBWDdHK01RbkRRN3V1YwpsbmtuZHJvM1hUSHljeG1zZFBBZ2svZnZRWXdnVUFVMlBxdmdYU1dTcERiMnFBZFBRdW4yd3Q1aE5ZRGRzaUxPCmFOc253cVl5UGp1OTgybkh5cGR3NmNqWkQvMENBd0VBQWFOQ01FQXdEZ1lEVlIwUEFRSC9CQVFEQWdJRU1BOEcKQTFVZEV3RUIvd1FGTUFNQkFmOHdIUVlEVlIwT0JCWUVGQXhBR3paczlNU3diWk43UWtBZCtGOXFMUFY1TUEwRwpDU3FHU0liM0RRRUJDd1VBQTRJQmdRQnFDaUNGbFBiQUdTcndFdUZoQUZ5NWxYeFJGSGhmV0FySzRDYmRiNWFjCnBqeFNQZUE0cEdGSEFOcHVtQUZrNjRHRS9YVUlTdTNxeC8wWE5ERUJVUjlUUGUvNUpuaVF0R3BncXo2MS9WcHoKWTZqOTVueUYxKzBNVEdJTy9PRkgyRWYvUm9JNS9HUXRWMWdoQkRiaEd6NHkyUkIrR2FJV2tvR1ZiV3JiTTN1aAppeXZDbTEyYlpJaFNPTGZMTkVFdkZNeUJhaUswZEcxU1RybzVFYktUVTdxT1V1bEhLaDUyaHIwTmora1NIaDlJClc2MmMvWktsSnU4dk5JR09ObEVJUVNaZXlTM2RFQzRycTlJU3RiQ1ZOa0VaV0lDSnpSbDQ4MTF5WGl1NHpwbXUKem9XcmphWHdkazloL1dhQ0hlYjJ4eUlEYndCNURDKzVRN1JJNkh5cVlwZ0VBOUxQVFc5RGpjSU4wVTc2a1crdwpkbDlnZ1ZPcHA2eENEMEFxQk1LRGgzQmNpSWpKeS8yd2NhNWJXdFpBcjh1YVRZdTdoL082WFNXVzFlWXpXUnBKCkM5eVRLaDB6aHhNcEVvalpGZ290QytmUWVCbEVWSEdIOXZMaVVJd2MrREJZOXBRcDdpTVpqOEpWVmh2L2xkRFIKQ283T0phUTFpbS8rQnNSajRSWnV5dGc9Ci0tLS0tRU5EIENFUlRJRklDQVRFLS0tLS0K"
              }
            ],
            "master_authorized_networks_config": [
              {
                "cidr_blocks": [],
                "gcp_public_cidrs_access_enabled": true,
                "private_endpoint_enforcement_enabled": false
              }
            ],
            "master_version": "1.33.5-gke.1308000",
            "mesh_certificates": [],
            "min_master_version": "1.33.5-gke.1308000",
            "monitoring_config": [
              {
                "advanced_datapath_observability_config": [
                  {
                    "enable_metrics": false,
                    "enable_relay": false
                  }
                ],
                "enable_components": [
                  "SYSTEM_COMPONENTS",
                  "STORAGE",
                  "POD",
                  "DEPLOYMENT",
                  "STATEFULSET",
                  "DAEMONSET",
                  "HPA",
                  "JOBSET",
                  "CADVISOR",
                  "KUBELET",
                  "DCGM"
                ],
                "managed_prometheus": [
                  {
                    "auto_monitoring_config": [],
                    "enabled": true
                  }
                ]
              }
            ],
            "monitoring_service": "monitoring.googleapis.com/kubernetes",
            "name": "multi-vpc-cluster",
            "network": "projects/gcp-onboarding-project-480819/global/networks/app-network",
            "network_performance_config": [],
            "network_policy": [
              {
                "enabled": false,
                "provider": "PROVIDER_UNSPECIFIED"
              }
            ],
            "networking_mode": "VPC_NATIVE",
            "node_config": [
              {
                "advanced_machine_features": [],
                "boot_disk": [
                  {
                    "disk_type": "pd-balanced",
                    "provisioned_iops": 0,
                    "provisioned_throughput": 0,
                    "size_gb": 100
                  }
                ],
                "boot_disk_kms_key": "",
                "confidential_nodes": [],
                "containerd_config": [],
                "disk_size_gb": 100,
                "disk_type": "pd-balanced",
                "effective_taints": [],
                "enable_confidential_storage": false,
                "ephemeral_storage_config": [],
                "ephemeral_storage_local_ssd_config": [],
                "fast_socket": [],
                "flex_start": false,
                "gcfs_config": [],
                "guest_accelerator": [],
                "gvnic": [],
                "host_maintenance_policy": [],
                "image_type": "COS_CONTAINERD",
                "kubelet_config": [
                  {
                    "allowed_unsafe_sysctls": [],
                    "container_log_max_files": 0,
                    "container_log_max_size": "",
                    "cpu_cfs_quota": false,
                    "cpu_cfs_quota_period": "",
                    "cpu_manager_policy": "",
                    "eviction_max_pod_grace_period_seconds": 0,
                    "eviction_minimum_reclaim": [],
                    "eviction_soft": [],
                    "eviction_soft_grace_period": [],
                    "image_gc_high_threshold_percent": 0,
                    "image_gc_low_threshold_percent": 0,
                    "image_maximum_gc_age": "",
                    "image_minimum_gc_age": "",
                    "insecure_kubelet_readonly_port_enabled": "FALSE",
                    "max_parallel_image_pulls": 3,
                    "memory_manager": [],
                    "pod_pids_limit": 0,
                    "single_process_oom_kill": false,
                    "topology_manager": []
                  }
                ],
                "labels": {},
                "linux_node_config": [],
                "local_nvme_ssd_block_config": [],
                "local_ssd_count": 0,
                "local_ssd_encryption_mode": "",
                "logging_variant": "DEFAULT",
                "machine_type": "e2-medium",
                "max_run_duration": "",
                "metadata": {
                  "disable-legacy-endpoints": "true"
                },
                "min_cpu_platform": "",
                "node_group": "",
                "oauth_scopes": [
                  "https://www.googleapis.com/auth/devstorage.read_only",
                  "https://www.googleapis.com/auth/logging.write",
                  "https://www.googleapis.com/auth/monitoring",
                  "https://www.googleapis.com/auth/service.management.readonly",
                  "https://www.googleapis.com/auth/servicecontrol",
                  "https://www.googleapis.com/auth/trace.append"
                ],
                "preemptible": false,
                "reservation_affinity": [],
                "resource_labels": {
                  "goog-gke-node-pool-provisioning-model": "on-demand"
                },
                "resource_manager_tags": {},
                "sandbox_config": [],
                "secondary_boot_disks": [],
                "service_account": "default",
                "shielded_instance_config": [
                  {
                    "enable_integrity_monitoring": true,
                    "enable_secure_boot": true
                  }
                ],
                "sole_tenant_config": [],
                "spot": false,
                "storage_pools": [],
                "tags": [],
                "taint": [],
                "windows_node_config": [
                  {
                    "osversion": ""
                  }
                ],
                "workload_metadata_config": [
                  {
                    "mode": "GKE_METADATA"
                  }
                ]
              }
            ],
            "node_locations": [
              "us-west1-a",
              "us-west1-b",
              "us-west1-c"
            ],
            "node_pool": [
              {
                "autoscaling": [
                  {
                    "location_policy": "BALANCED",
                    "max_node_count": 3,
                    "min_node_count": 0,
                    "total_max_node_count": 0,
                    "total_min_node_count": 0
                  }
                ],
                "initial_node_count": 3,
                "instance_group_urls": [
                  "https://www.googleapis.com/compute/v1/projects/gcp-onboarding-project-480819/zones/us-west1-b/instanceGroupManagers/gke-multi-vpc-cluster-default-pool-5d0a96a1-grp",
                  "https://www.googleapis.com/compute/v1/projects/gcp-onboarding-project-480819/zones/us-west1-c/instanceGroupManagers/gke-multi-vpc-cluster-default-pool-cbf0c766-grp",
                  "https://www.googleapis.com/compute/v1/projects/gcp-onboarding-project-480819/zones/us-west1-a/instanceGroupManagers/gke-multi-vpc-cluster-default-pool-10d43d67-grp"
                ],
                "managed_instance_group_urls": [
                  "https://www.googleapis.com/compute/beta/projects/gcp-onboarding-project-480819/zones/us-west1-b/instanceGroups/gke-multi-vpc-cluster-default-pool-5d0a96a1-grp",
                  "https://www.googleapis.com/compute/beta/projects/gcp-onboarding-project-480819/zones/us-west1-c/instanceGroups/gke-multi-vpc-cluster-default-pool-cbf0c766-grp",
                  "https://www.googleapis.com/compute/beta/projects/gcp-onboarding-project-480819/zones/us-west1-a/instanceGroups/gke-multi-vpc-cluster-default-pool-10d43d67-grp"
                ],
                "management": [
                  {
                    "auto_repair": true,
                    "auto_upgrade": true
                  }
                ],
                "max_pods_per_node": 64,
                "name": "default-pool",
                "name_prefix": "",
                "network_config": [
                  {
                    "additional_node_network_configs": [
                      {
                        "network": "control-network",
                        "subnetwork": "control-subnetwork-1"
                      }
                    ],
                    "additional_pod_network_configs": [
                      {
                        "max_pods_per_node": 64,
                        "secondary_pod_range": "control-pod-ranges",
                        "subnetwork": "control-subnetwork-1"
                      }
                    ],
                    "create_pod_range": false,
                    "enable_private_nodes": false,
                    "network_performance_config": [],
                    "pod_cidr_overprovision_config": [],
                    "pod_ipv4_cidr_block": "10.0.0.0/16",
                    "pod_range": "pod-ranges",
                    "subnetwork": "projects/gcp-onboarding-project-480819/regions/us-west1/subnetworks/app-subnetwork-1"
                  }
                ],
                "node_config": [
                  {
                    "advanced_machine_features": [],
                    "boot_disk": [
                      {
                        "disk_type": "pd-balanced",
                        "provisioned_iops": 0,
                        "provisioned_throughput": 0,
                        "size_gb": 100
                      }
                    ],
                    "boot_disk_kms_key": "",
                    "confidential_nodes": [],
                    "containerd_config": [],
                    "disk_size_gb": 100,
                    "disk_type": "pd-balanced",
                    "effective_taints": [],
                    "enable_confidential_storage": false,
                    "ephemeral_storage_config": [],
                    "ephemeral_storage_local_ssd_config": [],
                    "fast_socket": [],
                    "flex_start": false,
                    "gcfs_config": [],
                    "guest_accelerator": [],
                    "gvnic": [],
                    "host_maintenance_policy": [],
                    "image_type": "COS_CONTAINERD",
                    "kubelet_config": [
                      {
                        "allowed_unsafe_sysctls": [],
                        "container_log_max_files": 0,
                        "container_log_max_size": "",
                        "cpu_cfs_quota": false,
                        "cpu_cfs_quota_period": "",
                        "cpu_manager_policy": "",
                        "eviction_max_pod_grace_period_seconds": 0,
                        "eviction_minimum_reclaim": [],
                        "eviction_soft": [],
                        "eviction_soft_grace_period": [],
                        "image_gc_high_threshold_percent": 0,
                        "image_gc_low_threshold_percent": 0,
                        "image_maximum_gc_age": "",
                        "image_minimum_gc_age": "",
                        "insecure_kubelet_readonly_port_enabled": "FALSE",
                        "max_parallel_image_pulls": 3,
                        "memory_manager": [],
                        "pod_pids_limit": 0,
                        "single_process_oom_kill": false,
                        "topology_manager": []
                      }
                    ],
                    "labels": {},
                    "linux_node_config": [],
                    "local_nvme_ssd_block_config": [],
                    "local_ssd_count": 0,
                    "local_ssd_encryption_mode": "",
                    "logging_variant": "DEFAULT",
                    "machine_type": "e2-medium",
                    "max_run_duration": "",
                    "metadata": {
                      "disable-legacy-endpoints": "true"
                    },
                    "min_cpu_platform": "",
                    "node_group": "",
                    "oauth_scopes": [
                      "https://www.googleapis.com/auth/devstorage.read_only",
                      "https://www.googleapis.com/auth/logging.write",
                      "https://www.googleapis.com/auth/monitoring",
                      "https://www.googleapis.com/auth/service.management.readonly",
                      "https://www.googleapis.com/auth/servicecontrol",
                      "https://www.googleapis.com/auth/trace.append"
                    ],
                    "preemptible": false,
                    "reservation_affinity": [],
                    "resource_labels": {
                      "goog-gke-node-pool-provisioning-model": "on-demand"
                    },
                    "resource_manager_tags": {},
                    "sandbox_config": [],
                    "secondary_boot_disks": [],
                    "service_account": "default",
                    "shielded_instance_config": [
                      {
                        "enable_integrity_monitoring": true,
                        "enable_secure_boot": true
                      }
                    ],
                    "sole_tenant_config": [],
                    "spot": false,
                    "storage_pools": [],
                    "tags": [],
                    "taint": [],
                    "windows_node_config": [
                      {
                        "osversion": ""
                      }
                    ],
                    "workload_metadata_config": [
                      {
                        "mode": "GKE_METADATA"
                      }
                    ]
                  }
                ],
                "node_count": 3,
                "node_locations": [
                  "us-west1-a",
                  "us-west1-b",
                  "us-west1-c"
                ],
                "placement_policy": [],
                "queued_provisioning": [],
                "upgrade_settings": [
                  {
                    "blue_green_settings": [],
                    "max_surge": 1,
                    "max_unavailable": 0,
                    "strategy": "SURGE"
                  }
                ],
                "version": "1.33.5-gke.1308000"
              }
            ],
            "node_pool_auto_config": [
              {
                "linux_node_config": [],
                "network_tags": [],
                "node_kubelet_config": [
                  {
                    "insecure_kubelet_readonly_port_enabled": "FALSE"
                  }
                ],
                "resource_manager_tags": {}
              }
            ],
            "node_pool_defaults": [
              {
                "node_config_defaults": [
                  {
                    "containerd_config": [],
                    "gcfs_config": [],
                    "insecure_kubelet_readonly_port_enabled": "FALSE",
                    "logging_variant": "DEFAULT"
                  }
                ]
              }
            ],
            "node_version": "1.33.5-gke.1308000",
            "notification_config": [
              {
                "pubsub": [
                  {
                    "enabled": false,
                    "filter": [],
                    "topic": ""
                  }
                ]
              }
            ],
            "operation": null,
            "pod_autoscaling": [
              {
                "hpa_profile": "PERFORMANCE"
              }
            ],
            "pod_security_policy_config": [
              {
                "enabled": false
              }
            ],
            "private_cluster_config": [
              {
                "enable_private_endpoint": false,
                "enable_private_nodes": false,
                "master_global_access_config": [
                  {
                    "enabled": false
                  }
                ],
                "master_ipv4_cidr_block": "",
                "peering_name": "",
                "private_endpoint": "192.168.0.2",
                "private_endpoint_subnetwork": "",
                "public_endpoint": "35.247.50.150"
              }
            ],
            "private_ipv6_google_access": "",
            "project": "gcp-onboarding-project-480819",
            "protect_config": [
              {
                "workload_config": [
                  {
                    "audit_mode": "DISABLED"
                  }
                ],
                "workload_vulnerability_mode": "DISABLED"
              }
            ],
            "rbac_binding_config": [
              {
                "enable_insecure_binding_system_authenticated": true,
                "enable_insecure_binding_system_unauthenticated": true
              }
            ],
            "release_channel": [
              {
                "channel": "REGULAR"
              }
            ],
            "remove_default_node_pool": true,
            "resource_labels": {},
            "resource_usage_export_config": [],
            "secret_manager_config": [
              {
                "enabled": false,
                "rotation_config": []
              }
            ],
            "secret_sync_config": [
              {
                "enabled": false,
                "rotation_config": []
              }
            ],
            "security_posture_config": [
              {
                "mode": "DISABLED",
                "vulnerability_mode": "VULNERABILITY_DISABLED"
              }
            ],
            "self_link": "https://container.googleapis.com/v1beta1/projects/gcp-onboarding-project-480819/locations/us-west1/clusters/multi-vpc-cluster",
            "service_external_ips_config": [
              {
                "enabled": false
              }
            ],
            "services_ipv4_cidr": "34.118.224.0/20",
            "subnetwork": "projects/gcp-onboarding-project-480819/regions/us-west1/subnetworks/app-subnetwork-1",
            "terraform_labels": {
              "goog-terraform-provisioned": "true"
            },
            "timeouts": null,
            "tpu_config": [],
            "tpu_ipv4_cidr_block": "",
            "user_managed_keys_config": [],
            "vertical_pod_autoscaling": [],
            "workload_alts_config": [],
            "workload_identity_config": [
              {
                "workload_pool": "gcp-onboarding-project-480819.svc.id.goog"
              }
            ]
          },
          "sensitive_attributes": [],
          "private": "eyJlMmJmYjczMC1lY2FhLTExZTYtOGY4OC0zNDM2M2JjN2M0YzAiOnsiY3JlYXRlIjoyNDAwMDAwMDAwMDAwLCJkZWxldGUiOjI0MDAwMDAwMDAwMDAsInJlYWQiOjI0MDAwMDAwMDAwMDAsInVwZGF0ZSI6MzYwMDAwMDAwMDAwMH0sInNjaGVtYV92ZXJzaW9uIjoiMiJ9",
          "dependencies": [
            "google_compute_network.app-network",
            "google_compute_subnetwork.app-subnetwork"
          ]
        }
      ]
    },
    {
      "mode": "managed",
      "type": "google_container_node_pool",
      "name": "default",
      "provider": "provider[\"registry.terraform.io/hashicorp/google-beta\"]",
      "instances": [
        {
          "schema_version": 1,
          "attributes": {
            "autoscaling": [
              {
                "location_policy": "BALANCED",
                "max_node_count": 3,
                "min_node_count": 0,
                "total_max_node_count": 0,
                "total_min_node_count": 0
              }
            ],
            "cluster": "projects/gcp-onboarding-project-480819/locations/us-west1/clusters/multi-vpc-cluster",
            "id": "projects/gcp-onboarding-project-480819/locations/us-west1/clusters/multi-vpc-cluster/nodePools/default-pool",
            "initial_node_count": 3,
            "instance_group_urls": [
              "https://www.googleapis.com/compute/v1/projects/gcp-onboarding-project-480819/zones/us-west1-b/instanceGroupManagers/gke-multi-vpc-cluster-default-pool-5d0a96a1-grp",
              "https://www.googleapis.com/compute/v1/projects/gcp-onboarding-project-480819/zones/us-west1-c/instanceGroupManagers/gke-multi-vpc-cluster-default-pool-cbf0c766-grp",
              "https://www.googleapis.com/compute/v1/projects/gcp-onboarding-project-480819/zones/us-west1-a/instanceGroupManagers/gke-multi-vpc-cluster-default-pool-10d43d67-grp"
            ],
            "location": "us-west1",
            "managed_instance_group_urls": [
              "https://www.googleapis.com/compute/beta/projects/gcp-onboarding-project-480819/zones/us-west1-b/instanceGroups/gke-multi-vpc-cluster-default-pool-5d0a96a1-grp",
              "https://www.googleapis.com/compute/beta/projects/gcp-onboarding-project-480819/zones/us-west1-c/instanceGroups/gke-multi-vpc-cluster-default-pool-cbf0c766-grp",
              "https://www.googleapis.com/compute/beta/projects/gcp-onboarding-project-480819/zones/us-west1-a/instanceGroups/gke-multi-vpc-cluster-default-pool-10d43d67-grp"
            ],
            "management": [
              {
                "auto_repair": true,
                "auto_upgrade": true
              }
            ],
            "max_pods_per_node": 64,
            "name": "default-pool",
            "name_prefix": "",
            "network_config": [
              {
                "additional_node_network_configs": [
                  {
                    "network": "control-network",
                    "subnetwork": "control-subnetwork-1"
                  }
                ],
                "additional_pod_network_configs": [
                  {
                    "max_pods_per_node": 64,
                    "secondary_pod_range": "control-pod-ranges",
                    "subnetwork": "control-subnetwork-1"
                  }
                ],
                "create_pod_range": false,
                "enable_private_nodes": false,
                "network_performance_config": [],
                "pod_cidr_overprovision_config": [],
                "pod_ipv4_cidr_block": "10.0.0.0/16",
                "pod_range": "pod-ranges",
                "subnetwork": "projects/gcp-onboarding-project-480819/regions/us-west1/subnetworks/app-subnetwork-1"
              }
            ],
            "node_config": [
              {
                "advanced_machine_features": [],
                "boot_disk": [
                  {
                    "disk_type": "pd-balanced",
                    "provisioned_iops": 0,
                    "provisioned_throughput": 0,
                    "size_gb": 100
                  }
                ],
                "boot_disk_kms_key": "",
                "confidential_nodes": [],
                "containerd_config": [],
                "disk_size_gb": 100,
                "disk_type": "pd-balanced",
                "effective_taints": [],
                "enable_confidential_storage": false,
                "ephemeral_storage_config": [],
                "ephemeral_storage_local_ssd_config": [],
                "fast_socket": [],
                "flex_start": false,
                "gcfs_config": [],
                "guest_accelerator": [],
                "gvnic": [],
                "host_maintenance_policy": [],
                "image_type": "COS_CONTAINERD",
                "kubelet_config": [
                  {
                    "allowed_unsafe_sysctls": [],
                    "container_log_max_files": 0,
                    "container_log_max_size": "",
                    "cpu_cfs_quota": false,
                    "cpu_cfs_quota_period": "",
                    "cpu_manager_policy": "",
                    "eviction_max_pod_grace_period_seconds": 0,
                    "eviction_minimum_reclaim": [],
                    "eviction_soft": [],
                    "eviction_soft_grace_period": [],
                    "image_gc_high_threshold_percent": 0,
                    "image_gc_low_threshold_percent": 0,
                    "image_maximum_gc_age": "",
                    "image_minimum_gc_age": "",
                    "insecure_kubelet_readonly_port_enabled": "FALSE",
                    "max_parallel_image_pulls": 3,
                    "memory_manager": [],
                    "pod_pids_limit": 0,
                    "single_process_oom_kill": false,
                    "topology_manager": []
                  }
                ],
                "labels": {},
                "linux_node_config": [],
                "local_nvme_ssd_block_config": [],
                "local_ssd_count": 0,
                "local_ssd_encryption_mode": "",
                "logging_variant": "DEFAULT",
                "machine_type": "e2-medium",
                "max_run_duration": "",
                "metadata": {
                  "disable-legacy-endpoints": "true"
                },
                "min_cpu_platform": "",
                "node_group": "",
                "oauth_scopes": [
                  "https://www.googleapis.com/auth/devstorage.read_only",
                  "https://www.googleapis.com/auth/logging.write",
                  "https://www.googleapis.com/auth/monitoring",
                  "https://www.googleapis.com/auth/service.management.readonly",
                  "https://www.googleapis.com/auth/servicecontrol",
                  "https://www.googleapis.com/auth/trace.append"
                ],
                "preemptible": false,
                "reservation_affinity": [],
                "resource_labels": {
                  "goog-gke-node-pool-provisioning-model": "on-demand"
                },
                "resource_manager_tags": {},
                "sandbox_config": [],
                "secondary_boot_disks": [],
                "service_account": "default",
                "shielded_instance_config": [
                  {
                    "enable_integrity_monitoring": true,
                    "enable_secure_boot": true
                  }
                ],
                "sole_tenant_config": [],
                "spot": false,
                "storage_pools": [],
                "tags": [
                  "gke-standard"
                ],
                "taint": [],
                "windows_node_config": [
                  {
                    "osversion": ""
                  }
                ],
                "workload_metadata_config": [
                  {
                    "mode": "GKE_METADATA"
                  }
                ]
              }
            ],
            "node_count": 3,
            "node_locations": [
              "us-west1-a",
              "us-west1-b",
              "us-west1-c"
            ],
            "operation": null,
            "placement_policy": [],
            "project": "gcp-onboarding-project-480819",
            "queued_provisioning": [],
            "timeouts": null,
            "upgrade_settings": [
              {
                "blue_green_settings": [],
                "max_surge": 1,
                "max_unavailable": 0,
                "strategy": "SURGE"
              }
            ],
            "version": "1.33.5-gke.1308000"
          },
          "sensitive_attributes": [],
          "private": "eyJlMmJmYjczMC1lY2FhLTExZTYtOGY4OC0zNDM2M2JjN2M0YzAiOnsiY3JlYXRlIjoxODAwMDAwMDAwMDAwLCJkZWxldGUiOjE4MDAwMDAwMDAwMDAsInVwZGF0ZSI6MTgwMDAwMDAwMDAwMH0sInNjaGVtYV92ZXJzaW9uIjoiMSJ9",
          "dependencies": [
            "google_compute_network.control-network",
            "google_compute_subnetwork.app-subnetwork",
            "google_compute_subnetwork.control-subnetwork",
            "google_container_cluster.default"
          ]
        }
      ]
    },
    {
      "mode": "managed",
      "type": "google_project_iam_member",
      "name": "gsa_monitoring_permissions",
      "provider": "provider[\"registry.terraform.io/hashicorp/google-beta\"]",
      "instances": [
        {
          "schema_version": 0,
          "attributes": {
            "condition": [],
            "etag": "BwZHJS5ygkI=",
            "id": "gcp-onboarding-project-480819/roles/monitoring.viewer/serviceAccount:microservices-app-sa@gcp-onboarding-project-480819.iam.gserviceaccount.com",
            "member": "serviceAccount:microservices-app-sa@gcp-onboarding-project-480819.iam.gserviceaccount.com",
            "project": "gcp-onboarding-project-480819",
            "role": "roles/monitoring.viewer"
          },
          "sensitive_attributes": [],
          "private": "bnVsbA==",
          "dependencies": [
            "google_service_account.microservices_app_sa"
          ]
        }
      ]
    },
    {
      "mode": "managed",
      "type": "google_service_account",
      "name": "microservices_app_sa",
      "provider": "provider[\"registry.terraform.io/hashicorp/google-beta\"]",
      "instances": [
        {
          "schema_version": 0,
          "attributes": {
            "account_id": "microservices-app-sa",
            "create_ignore_already_exists": null,
            "description": "",
            "disabled": false,
            "display_name": "Microservices App Service Account",
            "email": "microservices-app-sa@gcp-onboarding-project-480819.iam.gserviceaccount.com",
            "id": "projects/gcp-onboarding-project-480819/serviceAccounts/microservices-app-sa@gcp-onboarding-project-480819.iam.gserviceaccount.com",
            "member": "serviceAccount:microservices-app-sa@gcp-onboarding-project-480819.iam.gserviceaccount.com",
            "name": "projects/gcp-onboarding-project-480819/serviceAccounts/microservices-app-sa@gcp-onboarding-project-480819.iam.gserviceaccount.com",
            "project": "gcp-onboarding-project-480819",
            "timeouts": null,
            "unique_id": "111120973615406209534"
          },
          "sensitive_attributes": [],
          "private": "eyJlMmJmYjczMC1lY2FhLTExZTYtOGY4OC0zNDM2M2JjN2M0YzAiOnsiY3JlYXRlIjozMDAwMDAwMDAwMDB9fQ=="
        }
      ]
    },
    {
      "mode": "managed",
      "type": "google_service_account_iam_member",
      "name": "workload_identity_binding",
      "provider": "provider[\"registry.terraform.io/hashicorp/google-beta\"]",
      "instances": [
        {
          "index_key": "adservice",
          "schema_version": 0,
          "attributes": {
            "condition": [],
            "etag": "BwZHJR9bH84=",
            "id": "projects/gcp-onboarding-project-480819/serviceAccounts/microservices-app-sa@gcp-onboarding-project-480819.iam.gserviceaccount.com/roles/iam.workloadIdentityUser/serviceAccount:gcp-onboarding-project-480819.svc.id.goog[web-store/adservice]",
            "member": "serviceAccount:gcp-onboarding-project-480819.svc.id.goog[web-store/adservice]",
            "role": "roles/iam.workloadIdentityUser",
            "service_account_id": "projects/gcp-onboarding-project-480819/serviceAccounts/microservices-app-sa@gcp-onboarding-project-480819.iam.gserviceaccount.com"
          },
          "sensitive_attributes": [],
          "private": "bnVsbA==",
          "dependencies": [
            "google_service_account.microservices_app_sa"
          ]
        },
        {
          "index_key": "cartservice",
          "schema_version": 0,
          "attributes": {
            "condition": [],
            "etag": "BwZHJR9bH84=",
            "id": "projects/gcp-onboarding-project-480819/serviceAccounts/microservices-app-sa@gcp-onboarding-project-480819.iam.gserviceaccount.com/roles/iam.workloadIdentityUser/serviceAccount:gcp-onboarding-project-480819.svc.id.goog[web-store/cartservice]",
            "member": "serviceAccount:gcp-onboarding-project-480819.svc.id.goog[web-store/cartservice]",
            "role": "roles/iam.workloadIdentityUser",
            "service_account_id": "projects/gcp-onboarding-project-480819/serviceAccounts/microservices-app-sa@gcp-onboarding-project-480819.iam.gserviceaccount.com"
          },
          "sensitive_attributes": [],
          "private": "bnVsbA==",
          "dependencies": [
            "google_service_account.microservices_app_sa"
          ]
        },
        {
          "index_key": "checkoutservice",
          "schema_version": 0,
          "attributes": {
            "condition": [],
            "etag": "BwZHJR9bH84=",
            "id": "projects/gcp-onboarding-project-480819/serviceAccounts/microservices-app-sa@gcp-onboarding-project-480819.iam.gserviceaccount.com/roles/iam.workloadIdentityUser/serviceAccount:gcp-onboarding-project-480819.svc.id.goog[web-store/checkoutservice]",
            "member": "serviceAccount:gcp-onboarding-project-480819.svc.id.goog[web-store/checkoutservice]",
            "role": "roles/iam.workloadIdentityUser",
            "service_account_id": "projects/gcp-onboarding-project-480819/serviceAccounts/microservices-app-sa@gcp-onboarding-project-480819.iam.gserviceaccount.com"
          },
          "sensitive_attributes": [],
          "private": "bnVsbA==",
          "dependencies": [
            "google_service_account.microservices_app_sa"
          ]
        },
        {
          "index_key": "currencyservice",
          "schema_version": 0,
          "attributes": {
            "condition": [],
            "etag": "BwZHJR9bH84=",
            "id": "projects/gcp-onboarding-project-480819/serviceAccounts/microservices-app-sa@gcp-onboarding-project-480819.iam.gserviceaccount.com/roles/iam.workloadIdentityUser/serviceAccount:gcp-onboarding-project-480819.svc.id.goog[web-store/currencyservice]",
            "member": "serviceAccount:gcp-onboarding-project-480819.svc.id.goog[web-store/currencyservice]",
            "role": "roles/iam.workloadIdentityUser",
            "service_account_id": "projects/gcp-onboarding-project-480819/serviceAccounts/microservices-app-sa@gcp-onboarding-project-480819.iam.gserviceaccount.com"
          },
          "sensitive_attributes": [],
          "private": "bnVsbA==",
          "dependencies": [
            "google_service_account.microservices_app_sa"
          ]
        },
        {
          "index_key": "emailservice",
          "schema_version": 0,
          "attributes": {
            "condition": [],
            "etag": "BwZHJR9bH84=",
            "id": "projects/gcp-onboarding-project-480819/serviceAccounts/microservices-app-sa@gcp-onboarding-project-480819.iam.gserviceaccount.com/roles/iam.workloadIdentityUser/serviceAccount:gcp-onboarding-project-480819.svc.id.goog[web-store/emailservice]",
            "member": "serviceAccount:gcp-onboarding-project-480819.svc.id.goog[web-store/emailservice]",
            "role": "roles/iam.workloadIdentityUser",
            "service_account_id": "projects/gcp-onboarding-project-480819/serviceAccounts/microservices-app-sa@gcp-onboarding-project-480819.iam.gserviceaccount.com"
          },
          "sensitive_attributes": [],
          "private": "bnVsbA==",
          "dependencies": [
            "google_service_account.microservices_app_sa"
          ]
        },
        {
          "index_key": "frontend",
          "schema_version": 0,
          "attributes": {
            "condition": [],
            "etag": "BwZHJR9bH84=",
            "id": "projects/gcp-onboarding-project-480819/serviceAccounts/microservices-app-sa@gcp-onboarding-project-480819.iam.gserviceaccount.com/roles/iam.workloadIdentityUser/serviceAccount:gcp-onboarding-project-480819.svc.id.goog[web-store/frontend]",
            "member": "serviceAccount:gcp-onboarding-project-480819.svc.id.goog[web-store/frontend]",
            "role": "roles/iam.workloadIdentityUser",
            "service_account_id": "projects/gcp-onboarding-project-480819/serviceAccounts/microservices-app-sa@gcp-onboarding-project-480819.iam.gserviceaccount.com"
          },
          "sensitive_attributes": [],
          "private": "bnVsbA==",
          "dependencies": [
            "google_service_account.microservices_app_sa"
          ]
        },
        {
          "index_key": "loadgenerator",
          "schema_version": 0,
          "attributes": {
            "condition": [],
            "etag": "BwZHJR9bH84=",
            "id": "projects/gcp-onboarding-project-480819/serviceAccounts/microservices-app-sa@gcp-onboarding-project-480819.iam.gserviceaccount.com/roles/iam.workloadIdentityUser/serviceAccount:gcp-onboarding-project-480819.svc.id.goog[web-store/loadgenerator]",
            "member": "serviceAccount:gcp-onboarding-project-480819.svc.id.goog[web-store/loadgenerator]",
            "role": "roles/iam.workloadIdentityUser",
            "service_account_id": "projects/gcp-onboarding-project-480819/serviceAccounts/microservices-app-sa@gcp-onboarding-project-480819.iam.gserviceaccount.com"
          },
          "sensitive_attributes": [],
          "private": "bnVsbA==",
          "dependencies": [
            "google_service_account.microservices_app_sa"
          ]
        },
        {
          "index_key": "paymentservice",
          "schema_version": 0,
          "attributes": {
            "condition": [],
            "etag": "BwZHJR9bH84=",
            "id": "projects/gcp-onboarding-project-480819/serviceAccounts/microservices-app-sa@gcp-onboarding-project-480819.iam.gserviceaccount.com/roles/iam.workloadIdentityUser/serviceAccount:gcp-onboarding-project-480819.svc.id.goog[web-store/paymentservice]",
            "member": "serviceAccount:gcp-onboarding-project-480819.svc.id.goog[web-store/paymentservice]",
            "role": "roles/iam.workloadIdentityUser",
            "service_account_id": "projects/gcp-onboarding-project-480819/serviceAccounts/microservices-app-sa@gcp-onboarding-project-480819.iam.gserviceaccount.com"
          },
          "sensitive_attributes": [],
          "private": "bnVsbA==",
          "dependencies": [
            "google_service_account.microservices_app_sa"
          ]
        },
        {
          "index_key": "productcatalogservice",
          "schema_version": 0,
          "attributes": {
            "condition": [],
            "etag": "BwZHJR9bH84=",
            "id": "projects/gcp-onboarding-project-480819/serviceAccounts/microservices-app-sa@gcp-onboarding-project-480819.iam.gserviceaccount.com/roles/iam.workloadIdentityUser/serviceAccount:gcp-onboarding-project-480819.svc.id.goog[web-store/productcatalogservice]",
            "member": "serviceAccount:gcp-onboarding-project-480819.svc.id.goog[web-store/productcatalogservice]",
            "role": "roles/iam.workloadIdentityUser",
            "service_account_id": "projects/gcp-onboarding-project-480819/serviceAccounts/microservices-app-sa@gcp-onboarding-project-480819.iam.gserviceaccount.com"
          },
          "sensitive_attributes": [],
          "private": "bnVsbA==",
          "dependencies": [
            "google_service_account.microservices_app_sa"
          ]
        },
        {
          "index_key": "recommendationservice",
          "schema_version": 0,
          "attributes": {
            "condition": [],
            "etag": "BwZHJR9bH84=",
            "id": "projects/gcp-onboarding-project-480819/serviceAccounts/microservices-app-sa@gcp-onboarding-project-480819.iam.gserviceaccount.com/roles/iam.workloadIdentityUser/serviceAccount:gcp-onboarding-project-480819.svc.id.goog[web-store/recommendationservice]",
            "member": "serviceAccount:gcp-onboarding-project-480819.svc.id.goog[web-store/recommendationservice]",
            "role": "roles/iam.workloadIdentityUser",
            "service_account_id": "projects/gcp-onboarding-project-480819/serviceAccounts/microservices-app-sa@gcp-onboarding-project-480819.iam.gserviceaccount.com"
          },
          "sensitive_attributes": [],
          "private": "bnVsbA==",
          "dependencies": [
            "google_service_account.microservices_app_sa"
          ]
        },
        {
          "index_key": "shippingservice",
          "schema_version": 0,
          "attributes": {
            "condition": [],
            "etag": "BwZHJR9bH84=",
            "id": "projects/gcp-onboarding-project-480819/serviceAccounts/microservices-app-sa@gcp-onboarding-project-480819.iam.gserviceaccount.com/roles/iam.workloadIdentityUser/serviceAccount:gcp-onboarding-project-480819.svc.id.goog[web-store/shippingservice]",
            "member": "serviceAccount:gcp-onboarding-project-480819.svc.id.goog[web-store/shippingservice]",
            "role": "roles/iam.workloadIdentityUser",
            "service_account_id": "projects/gcp-onboarding-project-480819/serviceAccounts/microservices-app-sa@gcp-onboarding-project-480819.iam.gserviceaccount.com"
          },
          "sensitive_attributes": [],
          "private": "bnVsbA==",
          "dependencies": [
            "google_service_account.microservices_app_sa"
          ]
        }
      ]
    }
  ],
  "check_results": null
}
